
Microsoft Visual Studio Solution File, Format Version 12.00
# Visual Studio Version 17
VisualStudioVersion = 17.11.35327.3
MinimumVisualStudioVersion = 10.0.40219.1
Project("{FAE04EC0-301F-11D3-BF4B-00C04F79EFBC}") = "WebApi", "WebApi\WebApi.csproj", "{CF49FC69-74CB-4962-BEF1-BA3BA644833E}"
EndProject
Project("{FAE04EC0-301F-11D3-BF4B-00C04F79EFBC}") = "Entities", "Entities\Entities.csproj", "{58BF1FE4-C217-4AE4-B1F6-FBBEE9E648B7}"
EndProject
Project("{FAE04EC0-301F-11D3-BF4B-00C04F79EFBC}") = "Repositories", "Repositories\Repositories.csproj", "{BF719425-243E-4D10-AD3A-E2431F7550B0}"
EndProject
Project("{FAE04EC0-301F-11D3-BF4B-00C04F79EFBC}") = "Services", "Services\Services.csproj", "{0324E8CA-DE9C-4C70-998D-56E6A85A0372}"
EndProject
Project("{FAE04EC0-301F-11D3-BF4B-00C04F79EFBC}") = "Presentation", "Presentation\Presentation.csproj", "{9F650D8A-E80A-436B-ABD4-62CA2B03D891}"
EndProject
Global
	GlobalSection(SolutionConfigurationPlatforms) = preSolution
		Debug|Any CPU = Debug|Any CPU
		Release|Any CPU = Release|Any CPU
	EndGlobalSection
	GlobalSection(ProjectConfigurationPlatforms) = postSolution
		{CF49FC69-74CB-4962-BEF1-BA3BA644833E}.Debug|Any CPU.ActiveCfg = Debug|Any CPU
		{CF49FC69-74CB-4962-BEF1-BA3BA644833E}.Debug|Any CPU.Build.0 = Debug|Any CPU
		{CF49FC69-74CB-4962-BEF1-BA3BA644833E}.Release|Any CPU.ActiveCfg = Release|Any CPU
		{CF49FC69-74CB-4962-BEF1-BA3BA644833E}.Release|Any CPU.Build.0 = Release|Any CPU
		{58BF1FE4-C217-4AE4-B1F6-FBBEE9E648B7}.Debug|Any CPU.ActiveCfg = Debug|Any CPU
		{58BF1FE4-C217-4AE4-B1F6-FBBEE9E648B7}.Debug|Any CPU.Build.0 = Debug|Any CPU
		{58BF1FE4-C217-4AE4-B1F6-FBBEE9E648B7}.Release|Any CPU.ActiveCfg = Release|Any CPU
		{58BF1FE4-C217-4AE4-B1F6-FBBEE9E648B7}.Release|Any CPU.Build.0 = Release|Any CPU
		{BF719425-243E-4D10-AD3A-E2431F7550B0}.Debug|Any CPU.ActiveCfg = Debug|Any CPU
		{BF719425-243E-4D10-AD3A-E2431F7550B0}.Debug|Any CPU.Build.0 = Debug|Any CPU
		{BF719425-243E-4D10-AD3A-E2431F7550B0}.Release|Any CPU.ActiveCfg = Release|Any CPU
		{BF719425-243E-4D10-AD3A-E2431F7550B0}.Release|Any CPU.Build.0 = Release|Any CPU
		{0324E8CA-DE9C-4C70-998D-56E6A85A0372}.Debug|Any CPU.ActiveCfg = Debug|Any CPU
		{0324E8CA-DE9C-4C70-998D-56E6A85A0372}.Debug|Any CPU.Build.0 = Debug|Any CPU
		{0324E8CA-DE9C-4C70-998D-56E6A85A0372}.Release|Any CPU.ActiveCfg = Release|Any CPU
		{0324E8CA-DE9C-4C70-998D-56E6A85A0372}.Release|Any CPU.Build.0 = Release|Any CPU
		{9F650D8A-E80A-436B-ABD4-62CA2B03D891}.Debug|Any CPU.ActiveCfg = Debug|Any CPU
		{9F650D8A-E80A-436B-ABD4-62CA2B03D891}.Debug|Any CPU.Build.0 = Debug|Any CPU
		{9F650D8A-E80A-436B-ABD4-62CA2B03D891}.Release|Any CPU.ActiveCfg = Release|Any CPU
		{9F650D8A-E80A-436B-ABD4-62CA2B03D891}.Release|Any CPU.Build.0 = Release|Any CPU
	EndGlobalSection
	GlobalSection(SolutionProperties) = preSolution
		HideSolutionNode = FALSE
	EndGlobalSection
	GlobalSection(ExtensibilityGlobals) = postSolution
		SolutionGuid = {1BE3E944-294D-4147-9CA3-5652833BE4A4}
	EndGlobalSection
EndGlobal
